{
  "nodes": {
    "nixpkgs": {
      "locked": {
        "lastModified": 1762922828,
        "narHash": "sha256-cI2kI1oDh/vWkks8/Dcfg0p8484KNdUZU85f5p06jy0=",
        "owner": "NixOS",
        "repo": "nixpkgs",
        "rev": "1e03b82caa80fc7bfcc02bdc4c8761e37622a808",
        "type": "github"
      },
      "original": {
        "owner": "NixOS",
        "ref": "nixos-unstable-small",
        "repo": "nixpkgs",
        "type": "github"
      }
    },
    "root": {
      "inputs": {
        "nixpkgs": "nixpkgs"
      }
    }
  },
  "root": "root",
  "version": 7
}
